
Microsoft Visual Studio Solution File, Format Version 12.00
# Visual Studio 14
VisualStudioVersion = 14.0.22823.1
MinimumVisualStudioVersion = 10.0.40219.1
Project("{8BB2217D-0F2D-49D1-97BC-3654ED321F3B}") = "Moon.Localization", "src\Moon.Localization\Moon.Localization.xproj", "{2A565A3B-3A8F-4910-8894-ED6FEDD9B755}"
EndProject
Project("{8BB2217D-0F2D-49D1-97BC-3654ED321F3B}") = "Moon.Localization.Tests", "test\Moon.Localization.Tests\Moon.Localization.Tests.xproj", "{A0D961C2-2818-4C12-A8DF-FEE5222CD2C4}"
EndProject
Project("{2150E333-8FDC-42A3-9474-1A3956D46DE8}") = "global", "global", "{BB3833BF-AACA-4F93-AB76-A73AD3D90C3F}"
	ProjectSection(SolutionItems) = preProject
		.gitattributes = .gitattributes
		.gitignore = .gitignore
		appveyor.yml = appveyor.yml
		build.cmd = build.cmd
		build.fsx = build.fsx
		global.json = global.json
		LICENSE = LICENSE
		README.md = README.md
	EndProjectSection
EndProject
Project("{2150E333-8FDC-42A3-9474-1A3956D46DE8}") = "src", "src", "{812E7553-DA26-4ACC-B876-2423BDFDD88B}"
EndProject
Project("{2150E333-8FDC-42A3-9474-1A3956D46DE8}") = "test", "test", "{0CDB77BB-4DDC-4D58-927E-9965A9FAF5E4}"
EndProject
Project("{8BB2217D-0F2D-49D1-97BC-3654ED321F3B}") = "Moon.Localization.Json", "src\Moon.Localization.Json\Moon.Localization.Json.xproj", "{B3BE0EFF-9D93-4345-B203-D5FBF6C6A328}"
EndProject
Project("{8BB2217D-0F2D-49D1-97BC-3654ED321F3B}") = "Moon.Localization.Json.Tests", "test\Moon.Localization.Json.Tests\Moon.Localization.Json.Tests.xproj", "{AB90F512-A5A4-4492-ADDA-A3D6AB381E29}"
EndProject
Project("{8BB2217D-0F2D-49D1-97BC-3654ED321F3B}") = "Moon.Localization.Xml", "src\Moon.Localization.Xml\Moon.Localization.Xml.xproj", "{A0939AE2-EFE6-4028-8007-0B808F4D6151}"
EndProject
Project("{8BB2217D-0F2D-49D1-97BC-3654ED321F3B}") = "Moon.Localization.Xml.Tests", "test\Moon.Localization.Xml.Tests\Moon.Localization.Xml.Tests.xproj", "{3D549833-7E1E-4081-85D5-D3076AE345D7}"
EndProject
Project("{8BB2217D-0F2D-49D1-97BC-3654ED321F3B}") = "Moon.Windows.Localization", "src\Moon.Windows.Localization\Moon.Windows.Localization.xproj", "{62519B5F-E620-43B7-914D-361E6347C414}"
EndProject
Global
	GlobalSection(SolutionConfigurationPlatforms) = preSolution
		Debug|Any CPU = Debug|Any CPU
		Release|Any CPU = Release|Any CPU
	EndGlobalSection
	GlobalSection(ProjectConfigurationPlatforms) = postSolution
		{2A565A3B-3A8F-4910-8894-ED6FEDD9B755}.Debug|Any CPU.ActiveCfg = Debug|Any CPU
		{2A565A3B-3A8F-4910-8894-ED6FEDD9B755}.Debug|Any CPU.Build.0 = Debug|Any CPU
		{2A565A3B-3A8F-4910-8894-ED6FEDD9B755}.Release|Any CPU.ActiveCfg = Release|Any CPU
		{2A565A3B-3A8F-4910-8894-ED6FEDD9B755}.Release|Any CPU.Build.0 = Release|Any CPU
		{A0D961C2-2818-4C12-A8DF-FEE5222CD2C4}.Debug|Any CPU.ActiveCfg = Debug|Any CPU
		{A0D961C2-2818-4C12-A8DF-FEE5222CD2C4}.Debug|Any CPU.Build.0 = Debug|Any CPU
		{A0D961C2-2818-4C12-A8DF-FEE5222CD2C4}.Release|Any CPU.ActiveCfg = Release|Any CPU
		{A0D961C2-2818-4C12-A8DF-FEE5222CD2C4}.Release|Any CPU.Build.0 = Release|Any CPU
		{B3BE0EFF-9D93-4345-B203-D5FBF6C6A328}.Debug|Any CPU.ActiveCfg = Debug|Any CPU
		{B3BE0EFF-9D93-4345-B203-D5FBF6C6A328}.Debug|Any CPU.Build.0 = Debug|Any CPU
		{B3BE0EFF-9D93-4345-B203-D5FBF6C6A328}.Release|Any CPU.ActiveCfg = Release|Any CPU
		{B3BE0EFF-9D93-4345-B203-D5FBF6C6A328}.Release|Any CPU.Build.0 = Release|Any CPU
		{AB90F512-A5A4-4492-ADDA-A3D6AB381E29}.Debug|Any CPU.ActiveCfg = Debug|Any CPU
		{AB90F512-A5A4-4492-ADDA-A3D6AB381E29}.Debug|Any CPU.Build.0 = Debug|Any CPU
		{AB90F512-A5A4-4492-ADDA-A3D6AB381E29}.Release|Any CPU.ActiveCfg = Release|Any CPU
		{AB90F512-A5A4-4492-ADDA-A3D6AB381E29}.Release|Any CPU.Build.0 = Release|Any CPU
		{A0939AE2-EFE6-4028-8007-0B808F4D6151}.Debug|Any CPU.ActiveCfg = Debug|Any CPU
		{A0939AE2-EFE6-4028-8007-0B808F4D6151}.Debug|Any CPU.Build.0 = Debug|Any CPU
		{A0939AE2-EFE6-4028-8007-0B808F4D6151}.Release|Any CPU.ActiveCfg = Release|Any CPU
		{A0939AE2-EFE6-4028-8007-0B808F4D6151}.Release|Any CPU.Build.0 = Release|Any CPU
		{3D549833-7E1E-4081-85D5-D3076AE345D7}.Debug|Any CPU.ActiveCfg = Debug|Any CPU
		{3D549833-7E1E-4081-85D5-D3076AE345D7}.Debug|Any CPU.Build.0 = Debug|Any CPU
		{3D549833-7E1E-4081-85D5-D3076AE345D7}.Release|Any CPU.ActiveCfg = Release|Any CPU
		{3D549833-7E1E-4081-85D5-D3076AE345D7}.Release|Any CPU.Build.0 = Release|Any CPU
		{62519B5F-E620-43B7-914D-361E6347C414}.Debug|Any CPU.ActiveCfg = Debug|Any CPU
		{62519B5F-E620-43B7-914D-361E6347C414}.Debug|Any CPU.Build.0 = Debug|Any CPU
		{62519B5F-E620-43B7-914D-361E6347C414}.Release|Any CPU.ActiveCfg = Release|Any CPU
		{62519B5F-E620-43B7-914D-361E6347C414}.Release|Any CPU.Build.0 = Release|Any CPU
	EndGlobalSection
	GlobalSection(SolutionProperties) = preSolution
		HideSolutionNode = FALSE
	EndGlobalSection
	GlobalSection(NestedProjects) = preSolution
		{2A565A3B-3A8F-4910-8894-ED6FEDD9B755} = {812E7553-DA26-4ACC-B876-2423BDFDD88B}
		{A0D961C2-2818-4C12-A8DF-FEE5222CD2C4} = {0CDB77BB-4DDC-4D58-927E-9965A9FAF5E4}
		{B3BE0EFF-9D93-4345-B203-D5FBF6C6A328} = {812E7553-DA26-4ACC-B876-2423BDFDD88B}
		{AB90F512-A5A4-4492-ADDA-A3D6AB381E29} = {0CDB77BB-4DDC-4D58-927E-9965A9FAF5E4}
		{A0939AE2-EFE6-4028-8007-0B808F4D6151} = {812E7553-DA26-4ACC-B876-2423BDFDD88B}
		{3D549833-7E1E-4081-85D5-D3076AE345D7} = {0CDB77BB-4DDC-4D58-927E-9965A9FAF5E4}
		{62519B5F-E620-43B7-914D-361E6347C414} = {812E7553-DA26-4ACC-B876-2423BDFDD88B}
	EndGlobalSection
EndGlobal
